// !$*UTF8*$!
{
	archiveVersion = 1;
	classes = {
	};
	objectVersion = 46;
	objects = {

/* Begin PBXBuildFile section */
		F8BFF3C81F14B32F005C7F82 /* main.m in Sources */ = {isa = PBXBuildFile; fileRef = F8BFF3C71F14B32F005C7F82 /* main.m */; };
		F8BFF3CB1F14B32F005C7F82 /* AppDelegate.m in Sources */ = {isa = PBXBuildFile; fileRef = F8BFF3CA1F14B32F005C7F82 /* AppDelegate.m */; };
		F8BFF3CE1F14B32F005C7F82 /* ViewController.m in Sources */ = {isa = PBXBuildFile; fileRef = F8BFF3CD1F14B32F005C7F82 /* ViewController.m */; };
		F8BFF3D11F14B32F005C7F82 /* Main.storyboard in Resources */ = {isa = PBXBuildFile; fileRef = F8BFF3CF1F14B32F005C7F82 /* Main.storyboard */; };
		F8BFF3D31F14B32F005C7F82 /* Assets.xcassets in Resources */ = {isa = PBXBuildFile; fileRef = F8BFF3D21F14B32F005C7F82 /* Assets.xcassets */; };
		F8BFF3D61F14B32F005C7F82 /* LaunchScreen.storyboard in Resources */ = {isa = PBXBuildFile; fileRef = F8BFF3D41F14B32F005C7F82 /* LaunchScreen.storyboard */; };
		F8BFF3E11F14B32F005C7F82 /* MyWeatherTests.m in Sources */ = {isa = PBXBuildFile; fileRef = F8BFF3E01F14B32F005C7F82 /* MyWeatherTests.m */; };
		F8BFF3EC1F14B32F005C7F82 /* MyWeatherUITests.m in Sources */ = {isa = PBXBuildFile; fileRef = F8BFF3EB1F14B32F005C7F82 /* MyWeatherUITests.m */; };
/* End PBXBuildFile section */

/* Begin PBXContainerItemProxy section */
		F8BFF3DD1F14B32F005C7F82 /* PBXContainerItemProxy */ = {
			isa = PBXContainerItemProxy;
			containerPortal = F8BFF3BB1F14B32F005C7F82 /* Project object */;
			proxyType = 1;
			remoteGlobalIDString = F8BFF3C21F14B32F005C7F82;
			remoteInfo = MyWeather;
		};
		F8BFF3E81F14B32F005C7F82 /* PBXContainerItemProxy */ = {
			isa = PBXContainerItemProxy;
			containerPortal = F8BFF3BB1F14B32F005C7F82 /* Project object */;
			proxyType = 1;
			remoteGlobalIDString = F8BFF3C21F14B32F005C7F82;
			remoteInfo = MyWeather;
		};
/* End PBXContainerItemProxy section */

/* Begin PBXFileReference section */
		F8BFF3C31F14B32F005C7F82 /* MyWeather.app */ = {isa = PBXFileReference; explicitFileType = wrapper.application; includeInIndex = 0; path = MyWeather.app; sourceTree = BUILT_PRODUCTS_DIR; };
		F8BFF3C71F14B32F005C7F82 /* main.m */ = {isa = PBXFileReference; lastKnownFileType = sourcecode.c.objc; path = main.m; sourceTree = "<group>"; };
		F8BFF3C91F14B32F005C7F82 /* AppDelegate.h */ = {isa = PBXFileReference; lastKnownFileType = sourcecode.c.h; path = AppDelegate.h; sourceTree = "<group>"; };
		F8BFF3CA1F14B32F005C7F82 /* AppDelegate.m */ = {isa = PBXFileReference; lastKnownFileType = sourcecode.c.objc; path = AppDelegate.m; sourceTree = "<group>"; };
		F8BFF3CC1F14B32F005C7F82 /* ViewController.h */ = {isa = PBXFileReference; lastKnownFileType = sourcecode.c.h; path = ViewController.h; sourceTree = "<group>"; };
		F8BFF3CD1F14B32F005C7F82 /* ViewController.m */ = {isa = PBXFileReference; lastKnownFileType = sourcecode.c.objc; path = ViewController.m; sourceTree = "<group>"; };
		F8BFF3D01F14B32F005C7F82 /* Base */ = {isa = PBXFileReference; lastKnownFileType = file.storyboard; name = Base; path = Base.lproj/Main.storyboard; sourceTree = "<group>"; };
		F8BFF3D21F14B32F005C7F82 /* Assets.xcassets */ = {isa = PBXFileReference; lastKnownFileType = folder.assetcatalog; path = Assets.xcassets; sourceTree = "<group>"; };
		F8BFF3D51F14B32F005C7F82 /* Base */ = {isa = PBXFileReference; lastKnownFileType = file.storyboard; name = Base; path = Base.lproj/LaunchScreen.storyboard; sourceTree = "<group>"; };
		F8BFF3D71F14B32F005C7F82 /* Info.plist */ = {isa = PBXFileReference; lastKnownFileType = text.plist.xml; path = Info.plist; sourceTree = "<group>"; };
		F8BFF3DC1F14B32F005C7F82 /* MyWeatherTests.xctest */ = {isa = PBXFileReference; explicitFileType = wrapper.cfbundle; includeInIndex = 0; path = MyWeatherTests.xctest; sourceTree = BUILT_PRODUCTS_DIR; };
		F8BFF3E01F14B32F005C7F82 /* MyWeatherTests.m */ = {isa = PBXFileReference; lastKnownFileType = sourcecode.c.objc; path = MyWeatherTests.m; sourceTree = "<group>"; };
		F8BFF3E21F14B32F005C7F82 /* Info.plist */ = {isa = PBXFileReference; lastKnownFileType = text.plist.xml; path = Info.plist; sourceTree = "<group>"; };
		F8BFF3E71F14B32F005C7F82 /* MyWeatherUITests.xctest */ = {isa = PBXFileReference; explicitFileType = wrapper.cfbundle; includeInIndex = 0; path = MyWeatherUITests.xctest; sourceTree = BUILT_PRODUCTS_DIR; };
		F8BFF3EB1F14B32F005C7F82 /* MyWeatherUITests.m */ = {isa = PBXFileReference; lastKnownFileType = sourcecode.c.objc; path = MyWeatherUITests.m; sourceTree = "<group>"; };
		F8BFF3ED1F14B32F005C7F82 /* Info.plist */ = {isa = PBXFileReference; lastKnownFileType = text.plist.xml; path = Info.plist; sourceTree = "<group>"; };
/* End PBXFileReference section */

/* Begin PBXFrameworksBuildPhase section */
		F8BFF3C01F14B32F005C7F82 /* Frameworks */ = {
			isa = PBXFrameworksBuildPhase;
			buildActionMask = 2147483647;
			files = (
			);
			runOnlyForDeploymentPostprocessing = 0;
		};
		F8BFF3D91F14B32F005C7F82 /* Frameworks */ = {
			isa = PBXFrameworksBuildPhase;
			buildActionMask = 2147483647;
			files = (
			);
			runOnlyForDeploymentPostprocessing = 0;
		};
		F8BFF3E41F14B32F005C7F82 /* Frameworks */ = {
			isa = PBXFrameworksBuildPhase;
			buildActionMask = 2147483647;
			files = (
			);
			runOnlyForDeploymentPostprocessing = 0;
		};
/* End PBXFrameworksBuildPhase section */

/* Begin PBXGroup section */
		F8BFF3BA1F14B32F005C7F82 = {
			isa = PBXGroup;
			children = (
				F8BFF3C51F14B32F005C7F82 /* MyWeather */,
				F8BFF3DF1F14B32F005C7F82 /* MyWeatherTests */,
				F8BFF3EA1F14B32F005C7F82 /* MyWeatherUITests */,
				F8BFF3C41F14B32F005C7F82 /* Products */,
			);
			sourceTree = "<group>";
		};
		F8BFF3C41F14B32F005C7F82 /* Products */ = {
			isa = PBXGroup;
			children = (
				F8BFF3C31F14B32F005C7F82 /* MyWeather.app */,
				F8BFF3DC1F14B32F005C7F82 /* MyWeatherTests.xctest */,
				F8BFF3E71F14B32F005C7F82 /* MyWeatherUITests.xctest */,
			);
			name = Products;
			sourceTree = "<group>";
		};
		F8BFF3C51F14B32F005C7F82 /* MyWeather */ = {
			isa = PBXGroup;
			children = (
				F8BFF3C91F14B32F005C7F82 /* AppDelegate.h */,
				F8BFF3CA1F14B32F005C7F82 /* AppDelegate.m */,
				F8BFF3CC1F14B32F005C7F82 /* ViewController.h */,
				F8BFF3CD1F14B32F005C7F82 /* ViewController.m */,
				F8BFF3CF1F14B32F005C7F82 /* Main.storyboard */,
				F8BFF3D21F14B32F005C7F82 /* Assets.xcassets */,
				F8BFF3D41F14B32F005C7F82 /* LaunchScreen.storyboard */,
				F8BFF3D71F14B32F005C7F82 /* Info.plist */,
				F8BFF3C61F14B32F005C7F82 /* Supporting Files */,
			);
			path = MyWeather;
			sourceTree = "<group>";
		};
		F8BFF3C61F14B32F005C7F82 /* Supporting Files */ = {
			isa = PBXGroup;
			children = (
				F8BFF3C71F14B32F005C7F82 /* main.m */,
			);
			name = "Supporting Files";
			sourceTree = "<group>";
		};
		F8BFF3DF1F14B32F005C7F82 /* MyWeatherTests */ = {
			isa = PBXGroup;
			children = (
				F8BFF3E01F14B32F005C7F82 /* MyWeatherTests.m */,
				F8BFF3E21F14B32F005C7F82 /* Info.plist */,
			);
			path = MyWeatherTests;
			sourceTree = "<group>";
		};
		F8BFF3EA1F14B32F005C7F82 /* MyWeatherUITests */ = {
			isa = PBXGroup;
			children = (
				F8BFF3EB1F14B32F005C7F82 /* MyWeatherUITests.m */,
				F8BFF3ED1F14B32F005C7F82 /* Info.plist */,
			);
			path = MyWeatherUITests;
			sourceTree = "<group>";
		};
/* End PBXGroup section */

/* Begin PBXNativeTarget section */
		F8BFF3C21F14B32F005C7F82 /* MyWeather */ = {
			isa = PBXNativeTarget;
			buildConfigurationList = F8BFF3F01F14B32F005C7F82 /* Build configuration list for PBXNativeTarget "MyWeather" */;
			buildPhases = (
				F8BFF3BF1F14B32F005C7F82 /* Sources */,
				F8BFF3C01F14B32F005C7F82 /* Frameworks */,
				F8BFF3C11F14B32F005C7F82 /* Resources */,
			);
			buildRules = (
			);
			dependencies = (
			);
			name = MyWeather;
			productName = MyWeather;
			productReference = F8BFF3C31F14B32F005C7F82 /* MyWeather.app */;
			productType = "com.apple.product-type.application";
		};
		F8BFF3DB1F14B32F005C7F82 /* MyWeatherTests */ = {
			isa = PBXNativeTarget;
			buildConfigurationList = F8BFF3F31F14B32F005C7F82 /* Build configuration list for PBXNativeTarget "MyWeatherTests" */;
			buildPhases = (
				F8BFF3D81F14B32F005C7F82 /* Sources */,
				F8BFF3D91F14B32F005C7F82 /* Frameworks */,
				F8BFF3DA1F14B32F005C7F82 /* Resources */,
			);
			buildRules = (
			);
			dependencies = (
				F8BFF3DE1F14B32F005C7F82 /* PBXTargetDependency */,
			);
			name = MyWeatherTests;
			productName = MyWeatherTests;
			productReference = F8BFF3DC1F14B32F005C7F82 /* MyWeatherTests.xctest */;
			productType = "com.apple.product-type.bundle.unit-test";
		};
		F8BFF3E61F14B32F005C7F82 /* MyWeatherUITests */ = {
			isa = PBXNativeTarget;
			buildConfigurationList = F8BFF3F61F14B32F005C7F82 /* Build configuration list for PBXNativeTarget "MyWeatherUITests" */;
			buildPhases = (
				F8BFF3E31F14B32F005C7F82 /* Sources */,
				F8BFF3E41F14B32F005C7F82 /* Frameworks */,
				F8BFF3E51F14B32F005C7F82 /* Resources */,
			);
			buildRules = (
			);
			dependencies = (
				F8BFF3E91F14B32F005C7F82 /* PBXTargetDependency */,
			);
			name = MyWeatherUITests;
			productName = MyWeatherUITests;
			productReference = F8BFF3E71F14B32F005C7F82 /* MyWeatherUITests.xctest */;
			productType = "com.apple.product-type.bundle.ui-testing";
		};
/* End PBXNativeTarget section */

/* Begin PBXProject section */
		F8BFF3BB1F14B32F005C7F82 /* Project object */ = {
			isa = PBXProject;
			attributes = {
				LastUpgradeCheck = 0830;
				ORGANIZATIONNAME = "蔡哲鹏";
				TargetAttributes = {
					F8BFF3C21F14B32F005C7F82 = {
						CreatedOnToolsVersion = 8.3.3;
						DevelopmentTeam = 2KT6VHDD5T;
						ProvisioningStyle = Automatic;
					};
					F8BFF3DB1F14B32F005C7F82 = {
						CreatedOnToolsVersion = 8.3.3;
						DevelopmentTeam = 2KT6VHDD5T;
						ProvisioningStyle = Automatic;
						TestTargetID = F8BFF3C21F14B32F005C7F82;
					};
					F8BFF3E61F14B32F005C7F82 = {
						CreatedOnToolsVersion = 8.3.3;
						DevelopmentTeam = 2KT6VHDD5T;
						ProvisioningStyle = Automatic;
						TestTargetID = F8BFF3C21F14B32F005C7F82;
					};
				};
			};
			buildConfigurationList = F8BFF3BE1F14B32F005C7F82 /* Build configuration list for PBXProject "MyWeather" */;
			compatibilityVersion = "Xcode 3.2";
			developmentRegion = English;
			hasScannedForEncodings = 0;
			knownRegions = (
				en,
				Base,
			);
			mainGroup = F8BFF3BA1F14B32F005C7F82;
			productRefGroup = F8BFF3C41F14B32F005C7F82 /* Products */;
			projectDirPath = "";
			projectRoot = "";
			targets = (
				F8BFF3C21F14B32F005C7F82 /* MyWeather */,
				F8BFF3DB1F14B32F005C7F82 /* MyWeatherTests */,
				F8BFF3E61F14B32F005C7F82 /* MyWeatherUITests */,
			);
		};
/* End PBXProject section */

/* Begin PBXResourcesBuildPhase section */
		F8BFF3C11F14B32F005C7F82 /* Resources */ = {
			isa = PBXResourcesBuildPhase;
			buildActionMask = 2147483647;
			files = (
				F8BFF3D61F14B32F005C7F82 /* LaunchScreen.storyboard in Resources */,
				F8BFF3D31F14B32F005C7F82 /* Assets.xcassets in Resources */,
				F8BFF3D11F14B32F005C7F82 /* Main.storyboard in Resources */,
			);
			runOnlyForDeploymentPostprocessing = 0;
		};
		F8BFF3DA1F14B32F005C7F82 /* Resources */ = {
			isa = PBXResourcesBuildPhase;
			buildActionMask = 2147483647;
			files = (
			);
			runOnlyForDeploymentPostprocessing = 0;
		};
		F8BFF3E51F14B32F005C7F82 /* Resources */ = {
			isa = PBXResourcesBuildPhase;
			buildActionMask = 2147483647;
			files = (
			);
			runOnlyForDeploymentPostprocessing = 0;
		};
/* End PBXResourcesBuildPhase section */

/* Begin PBXSourcesBuildPhase section */
		F8BFF3BF1F14B32F005C7F82 /* Sources */ = {
			isa = PBXSourcesBuildPhase;
			buildActionMask = 2147483647;
			files = (
				F8BFF3CE1F14B32F005C7F82 /* ViewController.m in Sources */,
				F8BFF3CB1F14B32F005C7F82 /* AppDelegate.m in Sources */,
				F8BFF3C81F14B32F005C7F82 /* main.m in Sources */,
			);
			runOnlyForDeploymentPostprocessing = 0;
		};
		F8BFF3D81F14B32F005C7F82 /* Sources */ = {
			isa = PBXSourcesBuildPhase;
			buildActionMask = 2147483647;
			files = (
				F8BFF3E11F14B32F005C7F82 /* MyWeatherTests.m in Sources */,
			);
			runOnlyForDeploymentPostprocessing = 0;
		};
		F8BFF3E31F14B32F005C7F82 /* Sources */ = {
			isa = PBXSourcesBuildPhase;
			buildActionMask = 2147483647;
			files = (
				F8BFF3EC1F14B32F005C7F82 /* MyWeatherUITests.m in Sources */,
			);
			runOnlyForDeploymentPostprocessing = 0;
		};
/* End PBXSourcesBuildPhase section */

/* Begin PBXTargetDependency section */
		F8BFF3DE1F14B32F005C7F82 /* PBXTargetDependency */ = {
			isa = PBXTargetDependency;
			target = F8BFF3C21F14B32F005C7F82 /* MyWeather */;
			targetProxy = F8BFF3DD1F14B32F005C7F82 /* PBXContainerItemProxy */;
		};
		F8BFF3E91F14B32F005C7F82 /* PBXTargetDependency */ = {
			isa = PBXTargetDependency;
			target = F8BFF3C21F14B32F005C7F82 /* MyWeather */;
			targetProxy = F8BFF3E81F14B32F005C7F82 /* PBXContainerItemProxy */;
		};
/* End PBXTargetDependency section */

/* Begin PBXVariantGroup section */
		F8BFF3CF1F14B32F005C7F82 /* Main.storyboard */ = {
			isa = PBXVariantGroup;
			children = (
				F8BFF3D01F14B32F005C7F82 /* Base */,
			);
			name = Main.storyboard;
			sourceTree = "<group>";
		};
		F8BFF3D41F14B32F005C7F82 /* LaunchScreen.storyboard */ = {
			isa = PBXVariantGroup;
			children = (
				F8BFF3D51F14B32F005C7F82 /* Base */,
			);
			name = LaunchScreen.storyboard;
			sourceTree = "<group>";
		};
/* End PBXVariantGroup section */

/* Begin XCBuildConfiguration section */
		F8BFF3EE1F14B32F005C7F82 /* Debug */ = {
			isa = XCBuildConfiguration;
			buildSettings = {
				ALWAYS_SEARCH_USER_PATHS = NO;
				CLANG_ANALYZER_NONNULL = YES;
				CLANG_ANALYZER_NUMBER_OBJECT_CONVERSION = YES_AGGRESSIVE;
				CLANG_CXX_LANGUAGE_STANDARD = "gnu++0x";
				CLANG_CXX_LIBRARY = "libc++";
				CLANG_ENABLE_MODULES = YES;
				CLANG_ENABLE_OBJC_ARC = YES;
				CLANG_WARN_BOOL_CONVERSION = YES;
				CLANG_WARN_CONSTANT_CONVERSION = YES;
				CLANG_WARN_DIRECT_OBJC_ISA_USAGE = YES_ERROR;
				CLANG_WARN_DOCUMENTATION_COMMENTS = YES;
				CLANG_WARN_EMPTY_BODY = YES;
				CLANG_WARN_ENUM_CONVERSION = YES;
				CLANG_WARN_INFINITE_RECURSION = YES;
				CLANG_WARN_INT_CONVERSION = YES;
				CLANG_WARN_OBJC_ROOT_CLASS = YES_ERROR;
				CLANG_WARN_SUSPICIOUS_MOVE = YES;
				CLANG_WARN_UNREACHABLE_CODE = YES;
				CLANG_WARN__DUPLICATE_METHOD_MATCH = YES;
				"CODE_SIGN_IDENTITY[sdk=iphoneos*]" = "iPhone Developer";
				COPY_PHASE_STRIP = NO;
				DEBUG_INFORMATION_FORMAT = dwarf;
				ENABLE_STRICT_OBJC_MSGSEND = YES;
				ENABLE_TESTABILITY = YES;
				GCC_C_LANGUAGE_STANDARD = gnu99;
				GCC_DYNAMIC_NO_PIC = NO;
				GCC_NO_COMMON_BLOCKS = YES;
				GCC_OPTIMIZATION_LEVEL = 0;
				GCC_PREPROCESSOR_DEFINITIONS = (
					"DEBUG=1",
					"$(inherited)",
				);
				GCC_WARN_64_TO_32_BIT_CONVERSION = YES;
				GCC_WARN_ABOUT_RETURN_TYPE = YES_ERROR;
				GCC_WARN_UNDECLARED_SELECTOR = YES;
				GCC_WARN_UNINITIALIZED_AUTOS = YES_AGGRESSIVE;
				GCC_WARN_UNUSED_FUNCTION = YES;
				GCC_WARN_UNUSED_VARIABLE = YES;
				IPHONEOS_DEPLOYMENT_TARGET = 10.3;
				MTL_ENABLE_DEBUG_INFO = YES;
				ONLY_ACTIVE_ARCH = YES;
				SDKROOT = iphoneos;
			};
			name = Debug;
		};
		F8BFF3EF1F14B32F005C7F82 /* Release */ = {
			isa = XCBuildConfiguration;
			buildSettings = {
				ALWAYS_SEARCH_USER_PATHS = NO;
				CLANG_ANALYZER_NONNULL = YES;
				CLANG_ANALYZER_NUMBER_OBJECT_CONVERSION = YES_AGGRESSIVE;
				CLANG_CXX_LANGUAGE_STANDARD = "gnu++0x";
				CLANG_CXX_LIBRARY = "libc++";
				CLANG_ENABLE_MODULES = YES;
				CLANG_ENABLE_OBJC_ARC = YES;
				CLANG_WARN_BOOL_CONVERSION = YES;
				CLANG_WARN_CONSTANT_CONVERSION = YES;
				CLANG_WARN_DIRECT_OBJC_ISA_USAGE = YES_ERROR;
				CLANG_WARN_DOCUMENTATION_COMMENTS = YES;
				CLANG_WARN_EMPTY_BODY = YES;
				CLANG_WARN_ENUM_CONVERSION = YES;
				CLANG_WARN_INFINITE_RECURSION = YES;
				CLANG_WARN_INT_CONVERSION = YES;
				CLANG_WARN_OBJC_ROOT_CLASS = YES_ERROR;
				CLANG_WARN_SUSPICIOUS_MOVE = YES;
				CLANG_WARN_UNREACHABLE_CODE = YES;
				CLANG_WARN__DUPLICATE_METHOD_MATCH = YES;
				"CODE_SIGN_IDENTITY[sdk=iphoneos*]" = "iPhone Developer";
				COPY_PHASE_STRIP = NO;
				DEBUG_INFORMATION_FORMAT = "dwarf-with-dsym";
				ENABLE_NS_ASSERTIONS = NO;
				ENABLE_STRICT_OBJC_MSGSEND = YES;
				GCC_C_LANGUAGE_STANDARD = gnu99;
				GCC_NO_COMMON_BLOCKS = YES;
				GCC_WARN_64_TO_32_BIT_CONVERSION = YES;
				GCC_WARN_ABOUT_RETURN_TYPE = YES_ERROR;
				GCC_WARN_UNDECLARED_SELECTOR = YES;
				GCC_WARN_UNINITIALIZED_AUTOS = YES_AGGRESSIVE;
				GCC_WARN_UNUSED_FUNCTION = YES;
				GCC_WARN_UNUSED_VARIABLE = YES;
				IPHONEOS_DEPLOYMENT_TARGET = 10.3;
				MTL_ENABLE_DEBUG_INFO = NO;
				SDKROOT = iphoneos;
				VALIDATE_PRODUCT = YES;
			};
			name = Release;
		};
		F8BFF3F11F14B32F005C7F82 /* Debug */ = {
			isa = XCBuildConfiguration;
			buildSettings = {
				ASSETCATALOG_COMPILER_APPICON_NAME = AppIcon;
				DEVELOPMENT_TEAM = 2KT6VHDD5T;
				INFOPLIST_FILE = MyWeather/Info.plist;
				IPHONEOS_DEPLOYMENT_TARGET = 8.0;
				LD_RUNPATH_SEARCH_PATHS = "$(inherited) @executable_path/Frameworks";
				PRODUCT_BUNDLE_IDENTIFIER = CZP.MyWeather;
				PRODUCT_NAME = "$(TARGET_NAME)";
			};
			name = Debug;
		};
		F8BFF3F21F14B32F005C7F82 /* Release */ = {
			isa = XCBuildConfiguration;
			buildSettings = {
				ASSETCATALOG_COMPILER_APPICON_NAME = AppIcon;
				DEVELOPMENT_TEAM = 2KT6VHDD5T;
				INFOPLIST_FILE = MyWeather/Info.plist;
				IPHONEOS_DEPLOYMENT_TARGET = 8.0;
				LD_RUNPATH_SEARCH_PATHS = "$(inherited) @executable_path/Frameworks";
				PRODUCT_BUNDLE_IDENTIFIER = CZP.MyWeather;
				PRODUCT_NAME = "$(TARGET_NAME)";
			};
			name = Release;
		};
		F8BFF3F41F14B32F005C7F82 /* Debug */ = {
			isa = XCBuildConfiguration;
			buildSettings = {
				BUNDLE_LOADER = "$(TEST_HOST)";
				DEVELOPMENT_TEAM = 2KT6VHDD5T;
				INFOPLIST_FILE = MyWeatherTests/Info.plist;
				LD_RUNPATH_SEARCH_PATHS = "$(inherited) @executable_path/Frameworks @loader_path/Frameworks";
				PRODUCT_BUNDLE_IDENTIFIER = CZP.MyWeatherTests;
				PRODUCT_NAME = "$(TARGET_NAME)";
				TEST_HOST = "$(BUILT_PRODUCTS_DIR)/MyWeather.app/MyWeather";
			};
			name = Debug;
		};
		F8BFF3F51F14B32F005C7F82 /* Release */ = {
			isa = XCBuildConfiguration;
			buildSettings = {
				BUNDLE_LOADER = "$(TEST_HOST)";
				DEVELOPMENT_TEAM = 2KT6VHDD5T;
				INFOPLIST_FILE = MyWeatherTests/Info.plist;
				LD_RUNPATH_SEARCH_PATHS = "$(inherited) @executable_path/Frameworks @loader_path/Frameworks";
				PRODUCT_BUNDLE_IDENTIFIER = CZP.MyWeatherTests;
				PRODUCT_NAME = "$(TARGET_NAME)";
				TEST_HOST = "$(BUILT_PRODUCTS_DIR)/MyWeather.app/MyWeather";
			};
			name = Release;
		};
		F8BFF3F71F14B32F005C7F82 /* Debug */ = {
			isa = XCBuildConfiguration;
			buildSettings = {
				DEVELOPMENT_TEAM = 2KT6VHDD5T;
				INFOPLIST_FILE = MyWeatherUITests/Info.plist;
				LD_RUNPATH_SEARCH_PATHS = "$(inherited) @executable_path/Frameworks @loader_path/Frameworks";
				PRODUCT_BUNDLE_IDENTIFIER = CZP.MyWeatherUITests;
				PRODUCT_NAME = "$(TARGET_NAME)";
				TEST_TARGET_NAME = MyWeather;
			};
			name = Debug;
		};
		F8BFF3F81F14B32F005C7F82 /* Release */ = {
			isa = XCBuildConfiguration;
			buildSettings = {
				DEVELOPMENT_TEAM = 2KT6VHDD5T;
				INFOPLIST_FILE = MyWeatherUITests/Info.plist;
				LD_RUNPATH_SEARCH_PATHS = "$(inherited) @executable_path/Frameworks @loader_path/Frameworks";
				PRODUCT_BUNDLE_IDENTIFIER = CZP.MyWeatherUITests;
				PRODUCT_NAME = "$(TARGET_NAME)";
				TEST_TARGET_NAME = MyWeather;
			};
			name = Release;
		};
/* End XCBuildConfiguration section */

/* Begin XCConfigurationList section */
		F8BFF3BE1F14B32F005C7F82 /* Build configuration list for PBXProject "MyWeather" */ = {
			isa = XCConfigurationList;
			buildConfigurations = (
				F8BFF3EE1F14B32F005C7F82 /* Debug */,
				F8BFF3EF1F14B32F005C7F82 /* Release */,
			);
			defaultConfigurationIsVisible = 0;
			defaultConfigurationName = Release;
		};
		F8BFF3F01F14B32F005C7F82 /* Build configuration list for PBXNativeTarget "MyWeather" */ = {
			isa = XCConfigurationList;
			buildConfigurations = (
				F8BFF3F11F14B32F005C7F82 /* Debug */,
				F8BFF3F21F14B32F005C7F82 /* Release */,
			);
			defaultConfigurationIsVisible = 0;
		};
		F8BFF3F31F14B32F005C7F82 /* Build configuration list for PBXNativeTarget "MyWeatherTests" */ = {
			isa = XCConfigurationList;
			buildConfigurations = (
				F8BFF3F41F14B32F005C7F82 /* Debug */,
				F8BFF3F51F14B32F005C7F82 /* Release */,
			);
			defaultConfigurationIsVisible = 0;
		};
		F8BFF3F61F14B32F005C7F82 /* Build configuration list for PBXNativeTarget "MyWeatherUITests" */ = {
			isa = XCConfigurationList;
			buildConfigurations = (
				F8BFF3F71F14B32F005C7F82 /* Debug */,
				F8BFF3F81F14B32F005C7F82 /* Release */,
			);
			defaultConfigurationIsVisible = 0;
		};
/* End XCConfigurationList section */
	};
	rootObject = F8BFF3BB1F14B32F005C7F82 /* Project object */;
}
